
Microsoft Visual Studio Solution File, Format Version 12.00
# Visual Studio Version 17
VisualStudioVersion = 17.5.002.0
MinimumVisualStudioVersion = 10.0.40219.1
Project("{9A19103F-16F7-4668-BE54-9A1E7A4F7556}") = "DeleteLater", "DeleteLater.csproj", "{A03010DD-9CD9-46C2-86B4-84815A809C98}"
EndProject
Global
	GlobalSection(SolutionConfigurationPlatforms) = preSolution
		Debug|Any CPU = Debug|Any CPU
		Release|Any CPU = Release|Any CPU
	EndGlobalSection
	GlobalSection(ProjectConfigurationPlatforms) = postSolution
		{A03010DD-9CD9-46C2-86B4-84815A809C98}.Debug|Any CPU.ActiveCfg = Debug|Any CPU
		{A03010DD-9CD9-46C2-86B4-84815A809C98}.Debug|Any CPU.Build.0 = Debug|Any CPU
		{A03010DD-9CD9-46C2-86B4-84815A809C98}.Release|Any CPU.ActiveCfg = Release|Any CPU
		{A03010DD-9CD9-46C2-86B4-84815A809C98}.Release|Any CPU.Build.0 = Release|Any CPU
	EndGlobalSection
	GlobalSection(SolutionProperties) = preSolution
		HideSolutionNode = FALSE
	EndGlobalSection
	GlobalSection(ExtensibilityGlobals) = postSolution
		SolutionGuid = {0284925A-DFDE-4F20-95A7-BB6589C043CA}
	EndGlobalSection
EndGlobal
